
Microsoft Visual Studio Solution File, Format Version 12.00
# Visual Studio 15
VisualStudioVersion = 15.0.26608.5
MinimumVisualStudioVersion = 10.0.40219.1
Project("{9A19103F-16F7-4668-BE54-9A1E7A4F7556}") = "web", "web\web.csproj", "{0C606BEB-E2D8-4EFC-81F7-A1832B2C161B}"
EndProject
Project("{E53339B2-1760-4266-BCC7-CA923CBCF16C}") = "docker-compose", "docker-compose\docker-compose.dcproj", "{6F847403-25A8-4B63-AC4F-6EEFFF0FE811}"
EndProject
Project("{9A19103F-16F7-4668-BE54-9A1E7A4F7556}") = "api", "api\api.csproj", "{22A69A2B-D04D-4DCC-9392-F7D58363324B}"
EndProject
Global
	GlobalSection(SolutionConfigurationPlatforms) = preSolution
		Debug|Any CPU = Debug|Any CPU
		Release|Any CPU = Release|Any CPU
	EndGlobalSection
	GlobalSection(ProjectConfigurationPlatforms) = postSolution
		{0C606BEB-E2D8-4EFC-81F7-A1832B2C161B}.Debug|Any CPU.ActiveCfg = Debug|Any CPU
		{0C606BEB-E2D8-4EFC-81F7-A1832B2C161B}.Debug|Any CPU.Build.0 = Debug|Any CPU
		{0C606BEB-E2D8-4EFC-81F7-A1832B2C161B}.Release|Any CPU.ActiveCfg = Release|Any CPU
		{0C606BEB-E2D8-4EFC-81F7-A1832B2C161B}.Release|Any CPU.Build.0 = Release|Any CPU
		{6F847403-25A8-4B63-AC4F-6EEFFF0FE811}.Debug|Any CPU.ActiveCfg = Debug|Any CPU
		{6F847403-25A8-4B63-AC4F-6EEFFF0FE811}.Debug|Any CPU.Build.0 = Debug|Any CPU
		{6F847403-25A8-4B63-AC4F-6EEFFF0FE811}.Release|Any CPU.ActiveCfg = Release|Any CPU
		{6F847403-25A8-4B63-AC4F-6EEFFF0FE811}.Release|Any CPU.Build.0 = Release|Any CPU
		{22A69A2B-D04D-4DCC-9392-F7D58363324B}.Debug|Any CPU.ActiveCfg = Debug|Any CPU
		{22A69A2B-D04D-4DCC-9392-F7D58363324B}.Debug|Any CPU.Build.0 = Debug|Any CPU
		{22A69A2B-D04D-4DCC-9392-F7D58363324B}.Release|Any CPU.ActiveCfg = Release|Any CPU
		{22A69A2B-D04D-4DCC-9392-F7D58363324B}.Release|Any CPU.Build.0 = Release|Any CPU
	EndGlobalSection
	GlobalSection(SolutionProperties) = preSolution
		HideSolutionNode = FALSE
	EndGlobalSection
EndGlobal
